
Microsoft Visual Studio Solution File, Format Version 12.00
# Visual Studio 14
VisualStudioVersion = 14.0.25420.1
MinimumVisualStudioVersion = 10.0.40219.1
Project("{9092AA53-FB77-4645-B42D-1CCCA6BD08BD}") = "embedded17", "embedded17\embedded17.njsproj", "{3B8C919A-0F0C-4B9F-AD89-CE16408F32E8}"
EndProject
Global
	GlobalSection(SolutionConfigurationPlatforms) = preSolution
		Debug|Any CPU = Debug|Any CPU
		Release|Any CPU = Release|Any CPU
	EndGlobalSection
	GlobalSection(ProjectConfigurationPlatforms) = postSolution
		{3B8C919A-0F0C-4B9F-AD89-CE16408F32E8}.Debug|Any CPU.ActiveCfg = Debug|Any CPU
		{3B8C919A-0F0C-4B9F-AD89-CE16408F32E8}.Debug|Any CPU.Build.0 = Debug|Any CPU
		{3B8C919A-0F0C-4B9F-AD89-CE16408F32E8}.Release|Any CPU.ActiveCfg = Release|Any CPU
		{3B8C919A-0F0C-4B9F-AD89-CE16408F32E8}.Release|Any CPU.Build.0 = Release|Any CPU
	EndGlobalSection
	GlobalSection(SolutionProperties) = preSolution
		HideSolutionNode = FALSE
	EndGlobalSection
EndGlobal
